
Microsoft Visual Studio Solution File, Format Version 12.00
# Visual Studio Version 16
VisualStudioVersion = 16.0.31624.102
MinimumVisualStudioVersion = 10.0.40219.1
Project("{FAE04EC0-301F-11D3-BF4B-00C04F79EFBC}") = "FractalFern", "FractalFern\FractalFern.csproj", "{1DD5C8D4-3631-4833-A649-73C69E285D29}"
EndProject
Global
	GlobalSection(SolutionConfigurationPlatforms) = preSolution
		Debug|Any CPU = Debug|Any CPU
		Release|Any CPU = Release|Any CPU
	EndGlobalSection
	GlobalSection(ProjectConfigurationPlatforms) = postSolution
		{1DD5C8D4-3631-4833-A649-73C69E285D29}.Debug|Any CPU.ActiveCfg = Debug|Any CPU
		{1DD5C8D4-3631-4833-A649-73C69E285D29}.Debug|Any CPU.Build.0 = Debug|Any CPU
		{1DD5C8D4-3631-4833-A649-73C69E285D29}.Release|Any CPU.ActiveCfg = Release|Any CPU
		{1DD5C8D4-3631-4833-A649-73C69E285D29}.Release|Any CPU.Build.0 = Release|Any CPU
	EndGlobalSection
	GlobalSection(SolutionProperties) = preSolution
		HideSolutionNode = FALSE
	EndGlobalSection
	GlobalSection(ExtensibilityGlobals) = postSolution
		SolutionGuid = {B45CF2B1-4EAC-46B4-BE92-C43D5F222F8E}
	EndGlobalSection
EndGlobal
