
Microsoft Visual Studio Solution File, Format Version 12.00
# Visual Studio Version 16
VisualStudioVersion = 16.0.31624.102
MinimumVisualStudioVersion = 10.0.40219.1
Project("{FAE04EC0-301F-11D3-BF4B-00C04F79EFBC}") = "DutchBingo", "DutchBingo\DutchBingo.csproj", "{14FD1AAF-F18A-4295-B2B2-BEAF633859C5}"
EndProject
Global
	GlobalSection(SolutionConfigurationPlatforms) = preSolution
		Debug|Any CPU = Debug|Any CPU
		Release|Any CPU = Release|Any CPU
	EndGlobalSection
	GlobalSection(ProjectConfigurationPlatforms) = postSolution
		{14FD1AAF-F18A-4295-B2B2-BEAF633859C5}.Debug|Any CPU.ActiveCfg = Debug|Any CPU
		{14FD1AAF-F18A-4295-B2B2-BEAF633859C5}.Debug|Any CPU.Build.0 = Debug|Any CPU
		{14FD1AAF-F18A-4295-B2B2-BEAF633859C5}.Release|Any CPU.ActiveCfg = Release|Any CPU
		{14FD1AAF-F18A-4295-B2B2-BEAF633859C5}.Release|Any CPU.Build.0 = Release|Any CPU
	EndGlobalSection
	GlobalSection(SolutionProperties) = preSolution
		HideSolutionNode = FALSE
	EndGlobalSection
	GlobalSection(ExtensibilityGlobals) = postSolution
		SolutionGuid = {FBE0650C-95B6-47EC-B397-2126DBF487F0}
	EndGlobalSection
EndGlobal
