
Microsoft Visual Studio Solution File, Format Version 12.00
# Visual Studio Version 16
VisualStudioVersion = 16.0.31624.102
MinimumVisualStudioVersion = 10.0.40219.1
Project("{FAE04EC0-301F-11D3-BF4B-00C04F79EFBC}") = "Babble", "Babble\Babble.csproj", "{CA69EABD-DEBA-41BD-AF3D-0CC83C7EE5D2}"
EndProject
Global
	GlobalSection(SolutionConfigurationPlatforms) = preSolution
		Debug|Any CPU = Debug|Any CPU
		Release|Any CPU = Release|Any CPU
	EndGlobalSection
	GlobalSection(ProjectConfigurationPlatforms) = postSolution
		{CA69EABD-DEBA-41BD-AF3D-0CC83C7EE5D2}.Debug|Any CPU.ActiveCfg = Debug|Any CPU
		{CA69EABD-DEBA-41BD-AF3D-0CC83C7EE5D2}.Debug|Any CPU.Build.0 = Debug|Any CPU
		{CA69EABD-DEBA-41BD-AF3D-0CC83C7EE5D2}.Release|Any CPU.ActiveCfg = Release|Any CPU
		{CA69EABD-DEBA-41BD-AF3D-0CC83C7EE5D2}.Release|Any CPU.Build.0 = Release|Any CPU
	EndGlobalSection
	GlobalSection(SolutionProperties) = preSolution
		HideSolutionNode = FALSE
	EndGlobalSection
	GlobalSection(ExtensibilityGlobals) = postSolution
		SolutionGuid = {D05F1939-2F7A-4181-9818-729411C05FC5}
	EndGlobalSection
EndGlobal
